
Microsoft Visual Studio Solution File, Format Version 12.00
# Visual Studio Version 16
VisualStudioVersion = 16.0.30621.155
MinimumVisualStudioVersion = 10.0.40219.1
Project("{FAE04EC0-301F-11D3-BF4B-00C04F79EFBC}") = "Garage_App", "Garage_App\Garage_App.csproj", "{EB214087-DE3A-4A98-B071-4F10BAA94A07}"
EndProject
Global
	GlobalSection(SolutionConfigurationPlatforms) = preSolution
		Debug|Any CPU = Debug|Any CPU
		Release|Any CPU = Release|Any CPU
	EndGlobalSection
	GlobalSection(ProjectConfigurationPlatforms) = postSolution
		{EB214087-DE3A-4A98-B071-4F10BAA94A07}.Debug|Any CPU.ActiveCfg = Debug|Any CPU
		{EB214087-DE3A-4A98-B071-4F10BAA94A07}.Debug|Any CPU.Build.0 = Debug|Any CPU
		{EB214087-DE3A-4A98-B071-4F10BAA94A07}.Release|Any CPU.ActiveCfg = Release|Any CPU
		{EB214087-DE3A-4A98-B071-4F10BAA94A07}.Release|Any CPU.Build.0 = Release|Any CPU
	EndGlobalSection
	GlobalSection(SolutionProperties) = preSolution
		HideSolutionNode = FALSE
	EndGlobalSection
	GlobalSection(ExtensibilityGlobals) = postSolution
		SolutionGuid = {5BD5C2F5-A391-4D44-A9EF-8A5E4A823DFF}
	EndGlobalSection
EndGlobal
